
Microsoft Visual Studio Solution File, Format Version 12.00
# Visual Studio Version 16
VisualStudioVersion = 16.0.31702.278
MinimumVisualStudioVersion = 10.0.40219.1
Project("{9A19103F-16F7-4668-BE54-9A1E7A4F7556}") = "Task1GemsDev", "Task1GemsDev\Task1GemsDev.csproj", "{9D85EFBF-D68B-4524-9DA3-D794DFEC36C8}"
EndProject
Project("{FAE04EC0-301F-11D3-BF4B-00C04F79EFBC}") = "EquationsTests", "EquationsTests\EquationsTests.csproj", "{458F3FFD-3478-4286-B243-73FE432A1C94}"
EndProject
Global
	GlobalSection(SolutionConfigurationPlatforms) = preSolution
		Debug|Any CPU = Debug|Any CPU
		Release|Any CPU = Release|Any CPU
	EndGlobalSection
	GlobalSection(ProjectConfigurationPlatforms) = postSolution
		{9D85EFBF-D68B-4524-9DA3-D794DFEC36C8}.Debug|Any CPU.ActiveCfg = Debug|Any CPU
		{9D85EFBF-D68B-4524-9DA3-D794DFEC36C8}.Debug|Any CPU.Build.0 = Debug|Any CPU
		{9D85EFBF-D68B-4524-9DA3-D794DFEC36C8}.Release|Any CPU.ActiveCfg = Release|Any CPU
		{9D85EFBF-D68B-4524-9DA3-D794DFEC36C8}.Release|Any CPU.Build.0 = Release|Any CPU
		{458F3FFD-3478-4286-B243-73FE432A1C94}.Debug|Any CPU.ActiveCfg = Debug|Any CPU
		{458F3FFD-3478-4286-B243-73FE432A1C94}.Debug|Any CPU.Build.0 = Debug|Any CPU
		{458F3FFD-3478-4286-B243-73FE432A1C94}.Release|Any CPU.ActiveCfg = Release|Any CPU
		{458F3FFD-3478-4286-B243-73FE432A1C94}.Release|Any CPU.Build.0 = Release|Any CPU
	EndGlobalSection
	GlobalSection(SolutionProperties) = preSolution
		HideSolutionNode = FALSE
	EndGlobalSection
	GlobalSection(ExtensibilityGlobals) = postSolution
		SolutionGuid = {EA418880-CF95-4129-90C5-298DF24DD0F6}
	EndGlobalSection
EndGlobal
